
Microsoft Visual Studio Solution File, Format Version 12.00
# Visual Studio Version 16
VisualStudioVersion = 16.0.31702.278
MinimumVisualStudioVersion = 10.0.40219.1
Project("{FAE04EC0-301F-11D3-BF4B-00C04F79EFBC}") = "Stopwatch", "Stopwatch.csproj", "{ACA606B7-C0CE-4B2A-8673-06C10F10B91F}"
EndProject
Global
	GlobalSection(SolutionConfigurationPlatforms) = preSolution
		Debug|Any CPU = Debug|Any CPU
		Release|Any CPU = Release|Any CPU
	EndGlobalSection
	GlobalSection(ProjectConfigurationPlatforms) = postSolution
		{ACA606B7-C0CE-4B2A-8673-06C10F10B91F}.Debug|Any CPU.ActiveCfg = Debug|Any CPU
		{ACA606B7-C0CE-4B2A-8673-06C10F10B91F}.Debug|Any CPU.Build.0 = Debug|Any CPU
		{ACA606B7-C0CE-4B2A-8673-06C10F10B91F}.Release|Any CPU.ActiveCfg = Release|Any CPU
		{ACA606B7-C0CE-4B2A-8673-06C10F10B91F}.Release|Any CPU.Build.0 = Release|Any CPU
	EndGlobalSection
	GlobalSection(SolutionProperties) = preSolution
		HideSolutionNode = FALSE
	EndGlobalSection
	GlobalSection(ExtensibilityGlobals) = postSolution
		SolutionGuid = {DBB569EB-9D63-4DC0-BBC6-2CF12E6BA485}
	EndGlobalSection
EndGlobal
